
Microsoft Visual Studio Solution File, Format Version 12.00
# Visual Studio 15
VisualStudioVersion = 15.0.28307.329
MinimumVisualStudioVersion = 10.0.40219.1
Project("{FAE04EC0-301F-11D3-BF4B-00C04F79EFBC}") = "TuttofilaSPA.Web", "TuttofilaSPA.Web\TuttofilaSPA.Web.csproj", "{BBD0581A-6790-42FC-ACEE-B19DC0C5A690}"
EndProject
Project("{FAE04EC0-301F-11D3-BF4B-00C04F79EFBC}") = "TuttofilaSPA.Core", "TuttofilaSPA.Core\TuttofilaSPA.Core.csproj", "{28D31F21-37F1-4520-A09D-AA04E8776668}"
EndProject
Global
	GlobalSection(SolutionConfigurationPlatforms) = preSolution
		Debug|Any CPU = Debug|Any CPU
		Release|Any CPU = Release|Any CPU
	EndGlobalSection
	GlobalSection(ProjectConfigurationPlatforms) = postSolution
		{BBD0581A-6790-42FC-ACEE-B19DC0C5A690}.Debug|Any CPU.ActiveCfg = Debug|Any CPU
		{BBD0581A-6790-42FC-ACEE-B19DC0C5A690}.Debug|Any CPU.Build.0 = Debug|Any CPU
		{BBD0581A-6790-42FC-ACEE-B19DC0C5A690}.Release|Any CPU.ActiveCfg = Release|Any CPU
		{BBD0581A-6790-42FC-ACEE-B19DC0C5A690}.Release|Any CPU.Build.0 = Release|Any CPU
		{28D31F21-37F1-4520-A09D-AA04E8776668}.Debug|Any CPU.ActiveCfg = Debug|Any CPU
		{28D31F21-37F1-4520-A09D-AA04E8776668}.Debug|Any CPU.Build.0 = Debug|Any CPU
		{28D31F21-37F1-4520-A09D-AA04E8776668}.Release|Any CPU.ActiveCfg = Release|Any CPU
		{28D31F21-37F1-4520-A09D-AA04E8776668}.Release|Any CPU.Build.0 = Release|Any CPU
	EndGlobalSection
	GlobalSection(SolutionProperties) = preSolution
		HideSolutionNode = FALSE
	EndGlobalSection
	GlobalSection(ExtensibilityGlobals) = postSolution
		SolutionGuid = {13BD9567-8093-4B78-BE24-E6305DE63368}
	EndGlobalSection
EndGlobal
